// !$*UTF8*$!
{
	archiveVersion = 1;
	classes = {
	};
	objectVersion = 56;
	objects = {

/* Begin PBXBuildFile section */
		B26248C52CE5706E00F00173 /* ProjectTracker.swift in Sources */ = {isa = PBXBuildFile; fileRef = B26248C42CE5706E00F00173 /* ProjectTracker.swift */; };
		B26248C72CE5706E00F00173 /* ProjectListView.swift in Sources */ = {isa = PBXBuildFile; fileRef = B26248C62CE5706E00F00173 /* ProjectListView.swift */; };
		B26248C92CE5706F00F00173 /* Assets.xcassets in Resources */ = {isa = PBXBuildFile; fileRef = B26248C82CE5706F00F00173 /* Assets.xcassets */; };
		B26248CC2CE5706F00F00173 /* Preview Assets.xcassets in Resources */ = {isa = PBXBuildFile; fileRef = B26248CB2CE5706F00F00173 /* Preview Assets.xcassets */; };
		B26248D42CE5710B00F00173 /* ProjectModel.swift in Sources */ = {isa = PBXBuildFile; fileRef = B26248D32CE5710B00F00173 /* ProjectModel.swift */; };
		B26248D72CE5801D00F00173 /* FontExtensions.swift in Sources */ = {isa = PBXBuildFile; fileRef = B26248D62CE5801D00F00173 /* FontExtensions.swift */; };
		B26248D92CE616DA00F00173 /* StatBoxView.swift in Sources */ = {isa = PBXBuildFile; fileRef = B26248D82CE616DA00F00173 /* StatBoxView.swift */; };
		B26248DC2CE619AB00F00173 /* ProjectCardView.swift in Sources */ = {isa = PBXBuildFile; fileRef = B26248DB2CE619AB00F00173 /* ProjectCardView.swift */; };
/* End PBXBuildFile section */

/* Begin PBXFileReference section */
		B26248C12CE5706E00F00173 /* ProjectTrackerApp.app */ = {isa = PBXFileReference; explicitFileType = wrapper.application; includeInIndex = 0; path = ProjectTrackerApp.app; sourceTree = BUILT_PRODUCTS_DIR; };
		B26248C42CE5706E00F00173 /* ProjectTracker.swift */ = {isa = PBXFileReference; lastKnownFileType = sourcecode.swift; path = ProjectTracker.swift; sourceTree = "<group>"; };
		B26248C62CE5706E00F00173 /* ProjectListView.swift */ = {isa = PBXFileReference; lastKnownFileType = sourcecode.swift; path = ProjectListView.swift; sourceTree = "<group>"; };
		B26248C82CE5706F00F00173 /* Assets.xcassets */ = {isa = PBXFileReference; lastKnownFileType = folder.assetcatalog; path = Assets.xcassets; sourceTree = "<group>"; };
		B26248CB2CE5706F00F00173 /* Preview Assets.xcassets */ = {isa = PBXFileReference; lastKnownFileType = folder.assetcatalog; path = "Preview Assets.xcassets"; sourceTree = "<group>"; };
		B26248D32CE5710B00F00173 /* ProjectModel.swift */ = {isa = PBXFileReference; lastKnownFileType = sourcecode.swift; path = ProjectModel.swift; sourceTree = "<group>"; };
		B26248D62CE5801D00F00173 /* FontExtensions.swift */ = {isa = PBXFileReference; lastKnownFileType = sourcecode.swift; path = FontExtensions.swift; sourceTree = "<group>"; };
		B26248D82CE616DA00F00173 /* StatBoxView.swift */ = {isa = PBXFileReference; lastKnownFileType = sourcecode.swift; path = StatBoxView.swift; sourceTree = "<group>"; };
		B26248DB2CE619AB00F00173 /* ProjectCardView.swift */ = {isa = PBXFileReference; lastKnownFileType = sourcecode.swift; path = ProjectCardView.swift; sourceTree = "<group>"; };
/* End PBXFileReference section */

/* Begin PBXFrameworksBuildPhase section */
		B26248BE2CE5706E00F00173 /* Frameworks */ = {
			isa = PBXFrameworksBuildPhase;
			buildActionMask = 2147483647;
			files = (
			);
			runOnlyForDeploymentPostprocessing = 0;
		};
/* End PBXFrameworksBuildPhase section */

/* Begin PBXGroup section */
		B26248B82CE5706E00F00173 = {
			isa = PBXGroup;
			children = (
				B26248C32CE5706E00F00173 /* ProjectTrackerApp */,
				B26248C22CE5706E00F00173 /* Products */,
			);
			sourceTree = "<group>";
		};
		B26248C22CE5706E00F00173 /* Products */ = {
			isa = PBXGroup;
			children = (
				B26248C12CE5706E00F00173 /* ProjectTrackerApp.app */,
			);
			name = Products;
			sourceTree = "<group>";
		};
		B26248C32CE5706E00F00173 /* ProjectTrackerApp */ = {
			isa = PBXGroup;
			children = (
				B26248DA2CE616E900F00173 /* ProjectList */,
				B26248C42CE5706E00F00173 /* ProjectTracker.swift */,
				B26248C82CE5706F00F00173 /* Assets.xcassets */,
				B26248CA2CE5706F00F00173 /* Preview Content */,
				B26248D22CE570EF00F00173 /* Models */,
				B26248D52CE57FFE00F00173 /* Helpers */,
			);
			path = ProjectTrackerApp;
			sourceTree = "<group>";
		};
		B26248CA2CE5706F00F00173 /* Preview Content */ = {
			isa = PBXGroup;
			children = (
				B26248CB2CE5706F00F00173 /* Preview Assets.xcassets */,
			);
			path = "Preview Content";
			sourceTree = "<group>";
		};
		B26248D22CE570EF00F00173 /* Models */ = {
			isa = PBXGroup;
			children = (
				B26248D32CE5710B00F00173 /* ProjectModel.swift */,
			);
			path = Models;
			sourceTree = "<group>";
		};
		B26248D52CE57FFE00F00173 /* Helpers */ = {
			isa = PBXGroup;
			children = (
				B26248D62CE5801D00F00173 /* FontExtensions.swift */,
			);
			path = Helpers;
			sourceTree = "<group>";
		};
		B26248DA2CE616E900F00173 /* ProjectList */ = {
			isa = PBXGroup;
			children = (
				B26248D82CE616DA00F00173 /* StatBoxView.swift */,
				B26248C62CE5706E00F00173 /* ProjectListView.swift */,
				B26248DB2CE619AB00F00173 /* ProjectCardView.swift */,
			);
			path = ProjectList;
			sourceTree = "<group>";
		};
/* End PBXGroup section */

/* Begin PBXNativeTarget section */
		B26248C02CE5706E00F00173 /* ProjectTrackerApp */ = {
			isa = PBXNativeTarget;
			buildConfigurationList = B26248CF2CE5706F00F00173 /* Build configuration list for PBXNativeTarget "ProjectTrackerApp" */;
			buildPhases = (
				B26248BD2CE5706E00F00173 /* Sources */,
				B26248BE2CE5706E00F00173 /* Frameworks */,
				B26248BF2CE5706E00F00173 /* Resources */,
			);
			buildRules = (
			);
			dependencies = (
			);
			name = ProjectTrackerApp;
			productName = ProjectTrackerApp;
			productReference = B26248C12CE5706E00F00173 /* ProjectTrackerApp.app */;
			productType = "com.apple.product-type.application";
		};
/* End PBXNativeTarget section */

/* Begin PBXProject section */
		B26248B92CE5706E00F00173 /* Project object */ = {
			isa = PBXProject;
			attributes = {
				BuildIndependentTargetsInParallel = 1;
				LastSwiftUpdateCheck = 1540;
				LastUpgradeCheck = 1540;
				TargetAttributes = {
					B26248C02CE5706E00F00173 = {
						CreatedOnToolsVersion = 15.4;
					};
				};
			};
			buildConfigurationList = B26248BC2CE5706E00F00173 /* Build configuration list for PBXProject "ProjectTrackerApp" */;
			compatibilityVersion = "Xcode 14.0";
			developmentRegion = en;
			hasScannedForEncodings = 0;
			knownRegions = (
				en,
				Base,
			);
			mainGroup = B26248B82CE5706E00F00173;
			productRefGroup = B26248C22CE5706E00F00173 /* Products */;
			projectDirPath = "";
			projectRoot = "";
			targets = (
				B26248C02CE5706E00F00173 /* ProjectTrackerApp */,
			);
		};
/* End PBXProject section */

/* Begin PBXResourcesBuildPhase section */
		B26248BF2CE5706E00F00173 /* Resources */ = {
			isa = PBXResourcesBuildPhase;
			buildActionMask = 2147483647;
			files = (
				B26248CC2CE5706F00F00173 /* Preview Assets.xcassets in Resources */,
				B26248C92CE5706F00F00173 /* Assets.xcassets in Resources */,
			);
			runOnlyForDeploymentPostprocessing = 0;
		};
/* End PBXResourcesBuildPhase section */

/* Begin PBXSourcesBuildPhase section */
		B26248BD2CE5706E00F00173 /* Sources */ = {
			isa = PBXSourcesBuildPhase;
			buildActionMask = 2147483647;
			files = (
				B26248D92CE616DA00F00173 /* StatBoxView.swift in Sources */,
				B26248C72CE5706E00F00173 /* ProjectListView.swift in Sources */,
				B26248DC2CE619AB00F00173 /* ProjectCardView.swift in Sources */,
				B26248C52CE5706E00F00173 /* ProjectTracker.swift in Sources */,
				B26248D72CE5801D00F00173 /* FontExtensions.swift in Sources */,
				B26248D42CE5710B00F00173 /* ProjectModel.swift in Sources */,
			);
			runOnlyForDeploymentPostprocessing = 0;
		};
/* End PBXSourcesBuildPhase section */

/* Begin XCBuildConfiguration section */
		B26248CD2CE5706F00F00173 /* Debug */ = {
			isa = XCBuildConfiguration;
			buildSettings = {
				ALWAYS_SEARCH_USER_PATHS = NO;
				ASSETCATALOG_COMPILER_GENERATE_SWIFT_ASSET_SYMBOL_EXTENSIONS = YES;
				CLANG_ANALYZER_NONNULL = YES;
				CLANG_ANALYZER_NUMBER_OBJECT_CONVERSION = YES_AGGRESSIVE;
				CLANG_CXX_LANGUAGE_STANDARD = "gnu++20";
				CLANG_ENABLE_MODULES = YES;
				CLANG_ENABLE_OBJC_ARC = YES;
				CLANG_ENABLE_OBJC_WEAK = YES;
				CLANG_WARN_BLOCK_CAPTURE_AUTORELEASING = YES;
				CLANG_WARN_BOOL_CONVERSION = YES;
				CLANG_WARN_COMMA = YES;
				CLANG_WARN_CONSTANT_CONVERSION = YES;
				CLANG_WARN_DEPRECATED_OBJC_IMPLEMENTATIONS = YES;
				CLANG_WARN_DIRECT_OBJC_ISA_USAGE = YES_ERROR;
				CLANG_WARN_DOCUMENTATION_COMMENTS = YES;
				CLANG_WARN_EMPTY_BODY = YES;
				CLANG_WARN_ENUM_CONVERSION = YES;
				CLANG_WARN_INFINITE_RECURSION = YES;
				CLANG_WARN_INT_CONVERSION = YES;
				CLANG_WARN_NON_LITERAL_NULL_CONVERSION = YES;
				CLANG_WARN_OBJC_IMPLICIT_RETAIN_SELF = YES;
				CLANG_WARN_OBJC_LITERAL_CONVERSION = YES;
				CLANG_WARN_OBJC_ROOT_CLASS = YES_ERROR;
				CLANG_WARN_QUOTED_INCLUDE_IN_FRAMEWORK_HEADER = YES;
				CLANG_WARN_RANGE_LOOP_ANALYSIS = YES;
				CLANG_WARN_STRICT_PROTOTYPES = YES;
				CLANG_WARN_SUSPICIOUS_MOVE = YES;
				CLANG_WARN_UNGUARDED_AVAILABILITY = YES_AGGRESSIVE;
				CLANG_WARN_UNREACHABLE_CODE = YES;
				CLANG_WARN__DUPLICATE_METHOD_MATCH = YES;
				COPY_PHASE_STRIP = NO;
				DEBUG_INFORMATION_FORMAT = dwarf;
				ENABLE_STRICT_OBJC_MSGSEND = YES;
				ENABLE_TESTABILITY = YES;
				ENABLE_USER_SCRIPT_SANDBOXING = YES;
				GCC_C_LANGUAGE_STANDARD = gnu17;
				GCC_DYNAMIC_NO_PIC = NO;
				GCC_NO_COMMON_BLOCKS = YES;
				GCC_OPTIMIZATION_LEVEL = 0;
				GCC_PREPROCESSOR_DEFINITIONS = (
					"DEBUG=1",
					"$(inherited)",
				);
				GCC_WARN_64_TO_32_BIT_CONVERSION = YES;
				GCC_WARN_ABOUT_RETURN_TYPE = YES_ERROR;
				GCC_WARN_UNDECLARED_SELECTOR = YES;
				GCC_WARN_UNINITIALIZED_AUTOS = YES_AGGRESSIVE;
				GCC_WARN_UNUSED_FUNCTION = YES;
				GCC_WARN_UNUSED_VARIABLE = YES;
				IPHONEOS_DEPLOYMENT_TARGET = 17.5;
				LOCALIZATION_PREFERS_STRING_CATALOGS = YES;
				MTL_ENABLE_DEBUG_INFO = INCLUDE_SOURCE;
				MTL_FAST_MATH = YES;
				ONLY_ACTIVE_ARCH = YES;
				SDKROOT = iphoneos;
				SWIFT_ACTIVE_COMPILATION_CONDITIONS = "DEBUG $(inherited)";
				SWIFT_OPTIMIZATION_LEVEL = "-Onone";
			};
			name = Debug;
		};
		B26248CE2CE5706F00F00173 /* Release */ = {
			isa = XCBuildConfiguration;
			buildSettings = {
				ALWAYS_SEARCH_USER_PATHS = NO;
				ASSETCATALOG_COMPILER_GENERATE_SWIFT_ASSET_SYMBOL_EXTENSIONS = YES;
				CLANG_ANALYZER_NONNULL = YES;
				CLANG_ANALYZER_NUMBER_OBJECT_CONVERSION = YES_AGGRESSIVE;
				CLANG_CXX_LANGUAGE_STANDARD = "gnu++20";
				CLANG_ENABLE_MODULES = YES;
				CLANG_ENABLE_OBJC_ARC = YES;
				CLANG_ENABLE_OBJC_WEAK = YES;
				CLANG_WARN_BLOCK_CAPTURE_AUTORELEASING = YES;
				CLANG_WARN_BOOL_CONVERSION = YES;
				CLANG_WARN_COMMA = YES;
				CLANG_WARN_CONSTANT_CONVERSION = YES;
				CLANG_WARN_DEPRECATED_OBJC_IMPLEMENTATIONS = YES;
				CLANG_WARN_DIRECT_OBJC_ISA_USAGE = YES_ERROR;
				CLANG_WARN_DOCUMENTATION_COMMENTS = YES;
				CLANG_WARN_EMPTY_BODY = YES;
				CLANG_WARN_ENUM_CONVERSION = YES;
				CLANG_WARN_INFINITE_RECURSION = YES;
				CLANG_WARN_INT_CONVERSION = YES;
				CLANG_WARN_NON_LITERAL_NULL_CONVERSION = YES;
				CLANG_WARN_OBJC_IMPLICIT_RETAIN_SELF = YES;
				CLANG_WARN_OBJC_LITERAL_CONVERSION = YES;
				CLANG_WARN_OBJC_ROOT_CLASS = YES_ERROR;
				CLANG_WARN_QUOTED_INCLUDE_IN_FRAMEWORK_HEADER = YES;
				CLANG_WARN_RANGE_LOOP_ANALYSIS = YES;
				CLANG_WARN_STRICT_PROTOTYPES = YES;
				CLANG_WARN_SUSPICIOUS_MOVE = YES;
				CLANG_WARN_UNGUARDED_AVAILABILITY = YES_AGGRESSIVE;
				CLANG_WARN_UNREACHABLE_CODE = YES;
				CLANG_WARN__DUPLICATE_METHOD_MATCH = YES;
				COPY_PHASE_STRIP = NO;
				DEBUG_INFORMATION_FORMAT = "dwarf-with-dsym";
				ENABLE_NS_ASSERTIONS = NO;
				ENABLE_STRICT_OBJC_MSGSEND = YES;
				ENABLE_USER_SCRIPT_SANDBOXING = YES;
				GCC_C_LANGUAGE_STANDARD = gnu17;
				GCC_NO_COMMON_BLOCKS = YES;
				GCC_WARN_64_TO_32_BIT_CONVERSION = YES;
				GCC_WARN_ABOUT_RETURN_TYPE = YES_ERROR;
				GCC_WARN_UNDECLARED_SELECTOR = YES;
				GCC_WARN_UNINITIALIZED_AUTOS = YES_AGGRESSIVE;
				GCC_WARN_UNUSED_FUNCTION = YES;
				GCC_WARN_UNUSED_VARIABLE = YES;
				IPHONEOS_DEPLOYMENT_TARGET = 17.5;
				LOCALIZATION_PREFERS_STRING_CATALOGS = YES;
				MTL_ENABLE_DEBUG_INFO = NO;
				MTL_FAST_MATH = YES;
				SDKROOT = iphoneos;
				SWIFT_COMPILATION_MODE = wholemodule;
				VALIDATE_PRODUCT = YES;
			};
			name = Release;
		};
		B26248D02CE5706F00F00173 /* Debug */ = {
			isa = XCBuildConfiguration;
			buildSettings = {
				ASSETCATALOG_COMPILER_APPICON_NAME = AppIcon;
				ASSETCATALOG_COMPILER_GLOBAL_ACCENT_COLOR_NAME = AccentColor;
				CODE_SIGN_STYLE = Automatic;
				CURRENT_PROJECT_VERSION = 1;
				DEVELOPMENT_ASSET_PATHS = "\"ProjectTrackerApp/Preview Content\"";
				DEVELOPMENT_TEAM = BAR4S67ZXW;
				ENABLE_PREVIEWS = YES;
				GENERATE_INFOPLIST_FILE = YES;
				INFOPLIST_KEY_UIApplicationSceneManifest_Generation = YES;
				INFOPLIST_KEY_UIApplicationSupportsIndirectInputEvents = YES;
				INFOPLIST_KEY_UILaunchScreen_Generation = YES;
				INFOPLIST_KEY_UISupportedInterfaceOrientations_iPad = "UIInterfaceOrientationPortrait UIInterfaceOrientationPortraitUpsideDown UIInterfaceOrientationLandscapeLeft UIInterfaceOrientationLandscapeRight";
				INFOPLIST_KEY_UISupportedInterfaceOrientations_iPhone = "UIInterfaceOrientationPortrait UIInterfaceOrientationLandscapeLeft UIInterfaceOrientationLandscapeRight";
				LD_RUNPATH_SEARCH_PATHS = (
					"$(inherited)",
					"@executable_path/Frameworks",
				);
				MARKETING_VERSION = 1.0;
				PRODUCT_BUNDLE_IDENTIFIER = com.feng.ProjectTrackerApp;
				PRODUCT_NAME = "$(TARGET_NAME)";
				SWIFT_EMIT_LOC_STRINGS = YES;
				SWIFT_VERSION = 5.0;
				TARGETED_DEVICE_FAMILY = "1,2";
			};
			name = Debug;
		};
		B26248D12CE5706F00F00173 /* Release */ = {
			isa = XCBuildConfiguration;
			buildSettings = {
				ASSETCATALOG_COMPILER_APPICON_NAME = AppIcon;
				ASSETCATALOG_COMPILER_GLOBAL_ACCENT_COLOR_NAME = AccentColor;
				CODE_SIGN_STYLE = Automatic;
				CURRENT_PROJECT_VERSION = 1;
				DEVELOPMENT_ASSET_PATHS = "\"ProjectTrackerApp/Preview Content\"";
				DEVELOPMENT_TEAM = BAR4S67ZXW;
				ENABLE_PREVIEWS = YES;
				GENERATE_INFOPLIST_FILE = YES;
				INFOPLIST_KEY_UIApplicationSceneManifest_Generation = YES;
				INFOPLIST_KEY_UIApplicationSupportsIndirectInputEvents = YES;
				INFOPLIST_KEY_UILaunchScreen_Generation = YES;
				INFOPLIST_KEY_UISupportedInterfaceOrientations_iPad = "UIInterfaceOrientationPortrait UIInterfaceOrientationPortraitUpsideDown UIInterfaceOrientationLandscapeLeft UIInterfaceOrientationLandscapeRight";
				INFOPLIST_KEY_UISupportedInterfaceOrientations_iPhone = "UIInterfaceOrientationPortrait UIInterfaceOrientationLandscapeLeft UIInterfaceOrientationLandscapeRight";
				LD_RUNPATH_SEARCH_PATHS = (
					"$(inherited)",
					"@executable_path/Frameworks",
				);
				MARKETING_VERSION = 1.0;
				PRODUCT_BUNDLE_IDENTIFIER = com.feng.ProjectTrackerApp;
				PRODUCT_NAME = "$(TARGET_NAME)";
				SWIFT_EMIT_LOC_STRINGS = YES;
				SWIFT_VERSION = 5.0;
				TARGETED_DEVICE_FAMILY = "1,2";
			};
			name = Release;
		};
/* End XCBuildConfiguration section */

/* Begin XCConfigurationList section */
		B26248BC2CE5706E00F00173 /* Build configuration list for PBXProject "ProjectTrackerApp" */ = {
			isa = XCConfigurationList;
			buildConfigurations = (
				B26248CD2CE5706F00F00173 /* Debug */,
				B26248CE2CE5706F00F00173 /* Release */,
			);
			defaultConfigurationIsVisible = 0;
			defaultConfigurationName = Release;
		};
		B26248CF2CE5706F00F00173 /* Build configuration list for PBXNativeTarget "ProjectTrackerApp" */ = {
			isa = XCConfigurationList;
			buildConfigurations = (
				B26248D02CE5706F00F00173 /* Debug */,
				B26248D12CE5706F00F00173 /* Release */,
			);
			defaultConfigurationIsVisible = 0;
			defaultConfigurationName = Release;
		};
/* End XCConfigurationList section */
	};
	rootObject = B26248B92CE5706E00F00173 /* Project object */;
}
